// !$*UTF8*$!
{
	archiveVersion = 1;
	classes = {
	};
	objectVersion = 55;
	objects = {

/* Begin PBXBuildFile section */
		2507ABBA2849359D009D8400 /* AppDelegate.swift in Sources */ = {isa = PBXBuildFile; fileRef = 2507ABB92849359D009D8400 /* AppDelegate.swift */; };
		2507ABBC2849359D009D8400 /* SceneDelegate.swift in Sources */ = {isa = PBXBuildFile; fileRef = 2507ABBB2849359D009D8400 /* SceneDelegate.swift */; };
		2507ABC12849359D009D8400 /* Main.storyboard in Resources */ = {isa = PBXBuildFile; fileRef = 2507ABBF2849359D009D8400 /* Main.storyboard */; };
		2507ABC42849359D009D8400 /* FunZone.xcdatamodeld in Sources */ = {isa = PBXBuildFile; fileRef = 2507ABC22849359D009D8400 /* FunZone.xcdatamodeld */; };
		2507ABC62849359E009D8400 /* Assets.xcassets in Resources */ = {isa = PBXBuildFile; fileRef = 2507ABC52849359E009D8400 /* Assets.xcassets */; };
		2507ABC92849359E009D8400 /* LaunchScreen.storyboard in Resources */ = {isa = PBXBuildFile; fileRef = 2507ABC72849359E009D8400 /* LaunchScreen.storyboard */; };
		2507ABD128493B15009D8400 /* ViewControllerSignUp.swift in Sources */ = {isa = PBXBuildFile; fileRef = 2507ABD028493B15009D8400 /* ViewControllerSignUp.swift */; };
		2507ABDD284983D8009D8400 /* ViewControllerSearch.swift in Sources */ = {isa = PBXBuildFile; fileRef = 2507ABDC284983D8009D8400 /* ViewControllerSearch.swift */; };
		2507ABE028498C57009D8400 /* User+CoreDataClass.swift in Sources */ = {isa = PBXBuildFile; fileRef = 2507ABDE28498C57009D8400 /* User+CoreDataClass.swift */; };
		2507ABE128498C57009D8400 /* User+CoreDataProperties.swift in Sources */ = {isa = PBXBuildFile; fileRef = 2507ABDF28498C57009D8400 /* User+CoreDataProperties.swift */; };
		2507ABE328498C89009D8400 /* DBHelperUser.swift in Sources */ = {isa = PBXBuildFile; fileRef = 2507ABE228498C89009D8400 /* DBHelperUser.swift */; };
		2507ABE52849ABF2009D8400 /* ViewControllerSignIn.swift in Sources */ = {isa = PBXBuildFile; fileRef = 2507ABE42849ABF2009D8400 /* ViewControllerSignIn.swift */; };
		25132A5B284E5D6500953DAB /* TableViewCellBooks.swift in Sources */ = {isa = PBXBuildFile; fileRef = 25132A5A284E5D6500953DAB /* TableViewCellBooks.swift */; };
		255885C0284C8B3700BA903F /* Note+CoreDataClass.swift in Sources */ = {isa = PBXBuildFile; fileRef = 255885BE284C8B3700BA903F /* Note+CoreDataClass.swift */; };
		255885C1284C8B3700BA903F /* Note+CoreDataProperties.swift in Sources */ = {isa = PBXBuildFile; fileRef = 255885BF284C8B3700BA903F /* Note+CoreDataProperties.swift */; };
		2595CFC7284C56E800E2C9AA /* Kathie's Soldiers.pdf in Resources */ = {isa = PBXBuildFile; fileRef = 2595CFBF284C56E600E2C9AA /* Kathie's Soldiers.pdf */; };
		2595CFC8284C56E800E2C9AA /* The Return of the Native.pdf in Resources */ = {isa = PBXBuildFile; fileRef = 2595CFC0284C56E700E2C9AA /* The Return of the Native.pdf */; };
		2595CFC9284C56E800E2C9AA /* The daily life of G and R.pdf in Resources */ = {isa = PBXBuildFile; fileRef = 2595CFC1284C56E700E2C9AA /* The daily life of G and R.pdf */; };
		2595CFCA284C56E800E2C9AA /* The Black Eagle.pdf in Resources */ = {isa = PBXBuildFile; fileRef = 2595CFC2284C56E700E2C9AA /* The Black Eagle.pdf */; };
		2595CFCB284C56E800E2C9AA /* The Second Boys' Book of Model Aeroplanes.pdf in Resources */ = {isa = PBXBuildFile; fileRef = 2595CFC3284C56E700E2C9AA /* The Second Boys' Book of Model Aeroplanes.pdf */; };
		2595CFCC284C56E800E2C9AA /* The Incredible Invasion.pdf in Resources */ = {isa = PBXBuildFile; fileRef = 2595CFC4284C56E800E2C9AA /* The Incredible Invasion.pdf */; };
		2595CFCD284C56E800E2C9AA /* The Lone Wolf.pdf in Resources */ = {isa = PBXBuildFile; fileRef = 2595CFC5284C56E800E2C9AA /* The Lone Wolf.pdf */; };
		25E4C5762849C21E00EE3C75 /* DBHelperNotes.swift in Sources */ = {isa = PBXBuildFile; fileRef = 25E4C5752849C21E00EE3C75 /* DBHelperNotes.swift */; };
		25E4C5782849CAA400EE3C75 /* ViewControllerNotesCompose.swift in Sources */ = {isa = PBXBuildFile; fileRef = 25E4C5772849CAA400EE3C75 /* ViewControllerNotesCompose.swift */; };
		25E4C57A2849D6AD00EE3C75 /* ViewControllerNotes.swift in Sources */ = {isa = PBXBuildFile; fileRef = 25E4C5792849D6AD00EE3C75 /* ViewControllerNotes.swift */; };
		25E4C57C2849D73700EE3C75 /* TableViewCellNotes.swift in Sources */ = {isa = PBXBuildFile; fileRef = 25E4C57B2849D73700EE3C75 /* TableViewCellNotes.swift */; };
		25E4C57E2849EE9000EE3C75 /* ViewControllerMusic.swift in Sources */ = {isa = PBXBuildFile; fileRef = 25E4C57D2849EE9000EE3C75 /* ViewControllerMusic.swift */; };
		25E4C5802849EEA100EE3C75 /* TableViewCellMusic.swift in Sources */ = {isa = PBXBuildFile; fileRef = 25E4C57F2849EEA100EE3C75 /* TableViewCellMusic.swift */; };
		25E4C5822849EEB200EE3C75 /* ViewControllerMusicPlayback.swift in Sources */ = {isa = PBXBuildFile; fileRef = 25E4C5812849EEB200EE3C75 /* ViewControllerMusicPlayback.swift */; };
		25E4C596284A2E4500EE3C75 /* Don't Forget.mp3 in Resources */ = {isa = PBXBuildFile; fileRef = 25E4C590284A2E4400EE3C75 /* Don't Forget.mp3 */; };
		25E4C597284A2E4500EE3C75 /* Autoreverse.mp3 in Resources */ = {isa = PBXBuildFile; fileRef = 25E4C591284A2E4400EE3C75 /* Autoreverse.mp3 */; };
		25E4C598284A2E4500EE3C75 /* Gravity.mp3 in Resources */ = {isa = PBXBuildFile; fileRef = 25E4C592284A2E4500EE3C75 /* Gravity.mp3 */; };
		25E4C599284A2E4500EE3C75 /* Wildblood.mp3 in Resources */ = {isa = PBXBuildFile; fileRef = 25E4C593284A2E4500EE3C75 /* Wildblood.mp3 */; };
		25E4C59A284A2E4500EE3C75 /* World On Fire.mp3 in Resources */ = {isa = PBXBuildFile; fileRef = 25E4C594284A2E4500EE3C75 /* World On Fire.mp3 */; };
		25E4C59B284A2E4500EE3C75 /* Afterlight.mp3 in Resources */ = {isa = PBXBuildFile; fileRef = 25E4C595284A2E4500EE3C75 /* Afterlight.mp3 */; };
		25E4C59E284A444A00EE3C75 /* ViewControllerBooks.swift in Sources */ = {isa = PBXBuildFile; fileRef = 25E4C59D284A444A00EE3C75 /* ViewControllerBooks.swift */; };
		25E4C5A0284A455900EE3C75 /* CollectionViewCellBooks.swift in Sources */ = {isa = PBXBuildFile; fileRef = 25E4C59F284A455900EE3C75 /* CollectionViewCellBooks.swift */; };
		25E4C5A2284A479E00EE3C75 /* ViewControllerBooksPreview.swift in Sources */ = {isa = PBXBuildFile; fileRef = 25E4C5A1284A479E00EE3C75 /* ViewControllerBooksPreview.swift */; };
		25E4C5A4284A47E300EE3C75 /* His Fortunate Grace.pdf in Resources */ = {isa = PBXBuildFile; fileRef = 25E4C5A3284A47E300EE3C75 /* His Fortunate Grace.pdf */; };
/* End PBXBuildFile section */

/* Begin PBXFileReference section */
		2507ABB62849359D009D8400 /* FunZone.app */ = {isa = PBXFileReference; explicitFileType = wrapper.application; includeInIndex = 0; path = FunZone.app; sourceTree = BUILT_PRODUCTS_DIR; };
		2507ABB92849359D009D8400 /* AppDelegate.swift */ = {isa = PBXFileReference; lastKnownFileType = sourcecode.swift; path = AppDelegate.swift; sourceTree = "<group>"; };
		2507ABBB2849359D009D8400 /* SceneDelegate.swift */ = {isa = PBXFileReference; lastKnownFileType = sourcecode.swift; path = SceneDelegate.swift; sourceTree = "<group>"; };
		2507ABC02849359D009D8400 /* Base */ = {isa = PBXFileReference; lastKnownFileType = file.storyboard; name = Base; path = Base.lproj/Main.storyboard; sourceTree = "<group>"; };
		2507ABC32849359D009D8400 /* FunZone.xcdatamodel */ = {isa = PBXFileReference; lastKnownFileType = wrapper.xcdatamodel; path = FunZone.xcdatamodel; sourceTree = "<group>"; };
		2507ABC52849359E009D8400 /* Assets.xcassets */ = {isa = PBXFileReference; lastKnownFileType = folder.assetcatalog; path = Assets.xcassets; sourceTree = "<group>"; };
		2507ABC82849359E009D8400 /* Base */ = {isa = PBXFileReference; lastKnownFileType = file.storyboard; name = Base; path = Base.lproj/LaunchScreen.storyboard; sourceTree = "<group>"; };
		2507ABCA2849359E009D8400 /* Info.plist */ = {isa = PBXFileReference; lastKnownFileType = text.plist.xml; path = Info.plist; sourceTree = "<group>"; };
		2507ABD028493B15009D8400 /* ViewControllerSignUp.swift */ = {isa = PBXFileReference; lastKnownFileType = sourcecode.swift; path = ViewControllerSignUp.swift; sourceTree = "<group>"; };
		2507ABDC284983D8009D8400 /* ViewControllerSearch.swift */ = {isa = PBXFileReference; lastKnownFileType = sourcecode.swift; path = ViewControllerSearch.swift; sourceTree = "<group>"; };
		2507ABDE28498C57009D8400 /* User+CoreDataClass.swift */ = {isa = PBXFileReference; lastKnownFileType = sourcecode.swift; path = "User+CoreDataClass.swift"; sourceTree = "<group>"; };
		2507ABDF28498C57009D8400 /* User+CoreDataProperties.swift */ = {isa = PBXFileReference; lastKnownFileType = sourcecode.swift; path = "User+CoreDataProperties.swift"; sourceTree = "<group>"; };
		2507ABE228498C89009D8400 /* DBHelperUser.swift */ = {isa = PBXFileReference; lastKnownFileType = sourcecode.swift; path = DBHelperUser.swift; sourceTree = "<group>"; };
		2507ABE42849ABF2009D8400 /* ViewControllerSignIn.swift */ = {isa = PBXFileReference; lastKnownFileType = sourcecode.swift; path = ViewControllerSignIn.swift; sourceTree = "<group>"; };
		25132A5A284E5D6500953DAB /* TableViewCellBooks.swift */ = {isa = PBXFileReference; lastKnownFileType = sourcecode.swift; path = TableViewCellBooks.swift; sourceTree = "<group>"; };
		255885BE284C8B3700BA903F /* Note+CoreDataClass.swift */ = {isa = PBXFileReference; lastKnownFileType = sourcecode.swift; path = "Note+CoreDataClass.swift"; sourceTree = "<group>"; };
		255885BF284C8B3700BA903F /* Note+CoreDataProperties.swift */ = {isa = PBXFileReference; lastKnownFileType = sourcecode.swift; path = "Note+CoreDataProperties.swift"; sourceTree = "<group>"; };
		2595CFBF284C56E600E2C9AA /* Kathie's Soldiers.pdf */ = {isa = PBXFileReference; lastKnownFileType = image.pdf; path = "Kathie's Soldiers.pdf"; sourceTree = "<group>"; };
		2595CFC0284C56E700E2C9AA /* The Return of the Native.pdf */ = {isa = PBXFileReference; lastKnownFileType = image.pdf; path = "The Return of the Native.pdf"; sourceTree = "<group>"; };
		2595CFC1284C56E700E2C9AA /* The daily life of G and R.pdf */ = {isa = PBXFileReference; lastKnownFileType = image.pdf; path = "The daily life of G and R.pdf"; sourceTree = "<group>"; };
		2595CFC2284C56E700E2C9AA /* The Black Eagle.pdf */ = {isa = PBXFileReference; lastKnownFileType = image.pdf; path = "The Black Eagle.pdf"; sourceTree = "<group>"; };
		2595CFC3284C56E700E2C9AA /* The Second Boys' Book of Model Aeroplanes.pdf */ = {isa = PBXFileReference; lastKnownFileType = image.pdf; path = "The Second Boys' Book of Model Aeroplanes.pdf"; sourceTree = "<group>"; };
		2595CFC4284C56E800E2C9AA /* The Incredible Invasion.pdf */ = {isa = PBXFileReference; lastKnownFileType = image.pdf; path = "The Incredible Invasion.pdf"; sourceTree = "<group>"; };
		2595CFC5284C56E800E2C9AA /* The Lone Wolf.pdf */ = {isa = PBXFileReference; lastKnownFileType = image.pdf; path = "The Lone Wolf.pdf"; sourceTree = "<group>"; };
		25E4C5752849C21E00EE3C75 /* DBHelperNotes.swift */ = {isa = PBXFileReference; lastKnownFileType = sourcecode.swift; path = DBHelperNotes.swift; sourceTree = "<group>"; };
		25E4C5772849CAA400EE3C75 /* ViewControllerNotesCompose.swift */ = {isa = PBXFileReference; lastKnownFileType = sourcecode.swift; path = ViewControllerNotesCompose.swift; sourceTree = "<group>"; };
		25E4C5792849D6AD00EE3C75 /* ViewControllerNotes.swift */ = {isa = PBXFileReference; lastKnownFileType = sourcecode.swift; path = ViewControllerNotes.swift; sourceTree = "<group>"; };
		25E4C57B2849D73700EE3C75 /* TableViewCellNotes.swift */ = {isa = PBXFileReference; lastKnownFileType = sourcecode.swift; path = TableViewCellNotes.swift; sourceTree = "<group>"; };
		25E4C57D2849EE9000EE3C75 /* ViewControllerMusic.swift */ = {isa = PBXFileReference; lastKnownFileType = sourcecode.swift; path = ViewControllerMusic.swift; sourceTree = "<group>"; };
		25E4C57F2849EEA100EE3C75 /* TableViewCellMusic.swift */ = {isa = PBXFileReference; lastKnownFileType = sourcecode.swift; path = TableViewCellMusic.swift; sourceTree = "<group>"; };
		25E4C5812849EEB200EE3C75 /* ViewControllerMusicPlayback.swift */ = {isa = PBXFileReference; lastKnownFileType = sourcecode.swift; path = ViewControllerMusicPlayback.swift; sourceTree = "<group>"; };
		25E4C590284A2E4400EE3C75 /* Don't Forget.mp3 */ = {isa = PBXFileReference; lastKnownFileType = audio.mp3; path = "Don't Forget.mp3"; sourceTree = "<group>"; };
		25E4C591284A2E4400EE3C75 /* Autoreverse.mp3 */ = {isa = PBXFileReference; lastKnownFileType = audio.mp3; path = Autoreverse.mp3; sourceTree = "<group>"; };
		25E4C592284A2E4500EE3C75 /* Gravity.mp3 */ = {isa = PBXFileReference; lastKnownFileType = audio.mp3; path = Gravity.mp3; sourceTree = "<group>"; };
		25E4C593284A2E4500EE3C75 /* Wildblood.mp3 */ = {isa = PBXFileReference; lastKnownFileType = audio.mp3; path = Wildblood.mp3; sourceTree = "<group>"; };
		25E4C594284A2E4500EE3C75 /* World On Fire.mp3 */ = {isa = PBXFileReference; lastKnownFileType = audio.mp3; path = "World On Fire.mp3"; sourceTree = "<group>"; };
		25E4C595284A2E4500EE3C75 /* Afterlight.mp3 */ = {isa = PBXFileReference; lastKnownFileType = audio.mp3; path = Afterlight.mp3; sourceTree = "<group>"; };
		25E4C59D284A444A00EE3C75 /* ViewControllerBooks.swift */ = {isa = PBXFileReference; lastKnownFileType = sourcecode.swift; path = ViewControllerBooks.swift; sourceTree = "<group>"; };
		25E4C59F284A455900EE3C75 /* CollectionViewCellBooks.swift */ = {isa = PBXFileReference; lastKnownFileType = sourcecode.swift; path = CollectionViewCellBooks.swift; sourceTree = "<group>"; };
		25E4C5A1284A479E00EE3C75 /* ViewControllerBooksPreview.swift */ = {isa = PBXFileReference; lastKnownFileType = sourcecode.swift; path = ViewControllerBooksPreview.swift; sourceTree = "<group>"; };
		25E4C5A3284A47E300EE3C75 /* His Fortunate Grace.pdf */ = {isa = PBXFileReference; lastKnownFileType = image.pdf; path = "His Fortunate Grace.pdf"; sourceTree = "<group>"; };
/* End PBXFileReference section */

/* Begin PBXFrameworksBuildPhase section */
		2507ABB32849359D009D8400 /* Frameworks */ = {
			isa = PBXFrameworksBuildPhase;
			buildActionMask = 2147483647;
			files = (
			);
			runOnlyForDeploymentPostprocessing = 0;
		};
/* End PBXFrameworksBuildPhase section */

/* Begin PBXGroup section */
		2507ABAD2849359D009D8400 = {
			isa = PBXGroup;
			children = (
				255885BE284C8B3700BA903F /* Note+CoreDataClass.swift */,
				255885BF284C8B3700BA903F /* Note+CoreDataProperties.swift */,
				2507ABDE28498C57009D8400 /* User+CoreDataClass.swift */,
				2507ABDF28498C57009D8400 /* User+CoreDataProperties.swift */,
				2507ABB82849359D009D8400 /* FunZone */,
				2507ABB72849359D009D8400 /* Products */,
			);
			sourceTree = "<group>";
		};
		2507ABB72849359D009D8400 /* Products */ = {
			isa = PBXGroup;
			children = (
				2507ABB62849359D009D8400 /* FunZone.app */,
			);
			name = Products;
			sourceTree = "<group>";
		};
		2507ABB82849359D009D8400 /* FunZone */ = {
			isa = PBXGroup;
			children = (
				2507ABB92849359D009D8400 /* AppDelegate.swift */,
				2507ABBB2849359D009D8400 /* SceneDelegate.swift */,
				2507ABBF2849359D009D8400 /* Main.storyboard */,
				2507ABC52849359E009D8400 /* Assets.xcassets */,
				2507ABC72849359E009D8400 /* LaunchScreen.storyboard */,
				2507ABCA2849359E009D8400 /* Info.plist */,
				2507ABC22849359D009D8400 /* FunZone.xcdatamodeld */,
				2507ABE228498C89009D8400 /* DBHelperUser.swift */,
				25E4C5752849C21E00EE3C75 /* DBHelperNotes.swift */,
				2507ABD028493B15009D8400 /* ViewControllerSignUp.swift */,
				2507ABE42849ABF2009D8400 /* ViewControllerSignIn.swift */,
				25E4C57D2849EE9000EE3C75 /* ViewControllerMusic.swift */,
				25E4C5812849EEB200EE3C75 /* ViewControllerMusicPlayback.swift */,
				25E4C59D284A444A00EE3C75 /* ViewControllerBooks.swift */,
				25E4C5A1284A479E00EE3C75 /* ViewControllerBooksPreview.swift */,
				2507ABDC284983D8009D8400 /* ViewControllerSearch.swift */,
				25E4C5792849D6AD00EE3C75 /* ViewControllerNotes.swift */,
				25E4C5772849CAA400EE3C75 /* ViewControllerNotesCompose.swift */,
				25E4C57F2849EEA100EE3C75 /* TableViewCellMusic.swift */,
				25132A5A284E5D6500953DAB /* TableViewCellBooks.swift */,
				25E4C57B2849D73700EE3C75 /* TableViewCellNotes.swift */,
				25E4C59F284A455900EE3C75 /* CollectionViewCellBooks.swift */,
				2507ABDA284968B3009D8400 /* resources */,
			);
			path = FunZone;
			sourceTree = "<group>";
		};
		2507ABDA284968B3009D8400 /* resources */ = {
			isa = PBXGroup;
			children = (
				25E4C59C284A427600EE3C75 /* pdf */,
				25E4C583284A2DDB00EE3C75 /* music */,
			);
			path = resources;
			sourceTree = "<group>";
		};
		25E4C583284A2DDB00EE3C75 /* music */ = {
			isa = PBXGroup;
			children = (
				25E4C595284A2E4500EE3C75 /* Afterlight.mp3 */,
				25E4C591284A2E4400EE3C75 /* Autoreverse.mp3 */,
				25E4C590284A2E4400EE3C75 /* Don't Forget.mp3 */,
				25E4C592284A2E4500EE3C75 /* Gravity.mp3 */,
				25E4C593284A2E4500EE3C75 /* Wildblood.mp3 */,
				25E4C594284A2E4500EE3C75 /* World On Fire.mp3 */,
			);
			path = music;
			sourceTree = "<group>";
		};
		25E4C59C284A427600EE3C75 /* pdf */ = {
			isa = PBXGroup;
			children = (
				2595CFBF284C56E600E2C9AA /* Kathie's Soldiers.pdf */,
				2595CFC2284C56E700E2C9AA /* The Black Eagle.pdf */,
				2595CFC1284C56E700E2C9AA /* The daily life of G and R.pdf */,
				2595CFC4284C56E800E2C9AA /* The Incredible Invasion.pdf */,
				2595CFC5284C56E800E2C9AA /* The Lone Wolf.pdf */,
				2595CFC0284C56E700E2C9AA /* The Return of the Native.pdf */,
				2595CFC3284C56E700E2C9AA /* The Second Boys' Book of Model Aeroplanes.pdf */,
				25E4C5A3284A47E300EE3C75 /* His Fortunate Grace.pdf */,
			);
			path = pdf;
			sourceTree = "<group>";
		};
/* End PBXGroup section */

/* Begin PBXNativeTarget section */
		2507ABB52849359D009D8400 /* FunZone */ = {
			isa = PBXNativeTarget;
			buildConfigurationList = 2507ABCD2849359E009D8400 /* Build configuration list for PBXNativeTarget "FunZone" */;
			buildPhases = (
				2507ABB22849359D009D8400 /* Sources */,
				2507ABB32849359D009D8400 /* Frameworks */,
				2507ABB42849359D009D8400 /* Resources */,
			);
			buildRules = (
			);
			dependencies = (
			);
			name = FunZone;
			productName = FunZone;
			productReference = 2507ABB62849359D009D8400 /* FunZone.app */;
			productType = "com.apple.product-type.application";
		};
/* End PBXNativeTarget section */

/* Begin PBXProject section */
		2507ABAE2849359D009D8400 /* Project object */ = {
			isa = PBXProject;
			attributes = {
				BuildIndependentTargetsInParallel = 1;
				LastSwiftUpdateCheck = 1340;
				LastUpgradeCheck = 1340;
				TargetAttributes = {
					2507ABB52849359D009D8400 = {
						CreatedOnToolsVersion = 13.4;
					};
				};
			};
			buildConfigurationList = 2507ABB12849359D009D8400 /* Build configuration list for PBXProject "FunZone" */;
			compatibilityVersion = "Xcode 13.0";
			developmentRegion = en;
			hasScannedForEncodings = 0;
			knownRegions = (
				en,
				Base,
			);
			mainGroup = 2507ABAD2849359D009D8400;
			productRefGroup = 2507ABB72849359D009D8400 /* Products */;
			projectDirPath = "";
			projectRoot = "";
			targets = (
				2507ABB52849359D009D8400 /* FunZone */,
			);
		};
/* End PBXProject section */

/* Begin PBXResourcesBuildPhase section */
		2507ABB42849359D009D8400 /* Resources */ = {
			isa = PBXResourcesBuildPhase;
			buildActionMask = 2147483647;
			files = (
				2595CFC9284C56E800E2C9AA /* The daily life of G and R.pdf in Resources */,
				2595CFCB284C56E800E2C9AA /* The Second Boys' Book of Model Aeroplanes.pdf in Resources */,
				2507ABC92849359E009D8400 /* LaunchScreen.storyboard in Resources */,
				25E4C596284A2E4500EE3C75 /* Don't Forget.mp3 in Resources */,
				2595CFC7284C56E800E2C9AA /* Kathie's Soldiers.pdf in Resources */,
				25E4C59B284A2E4500EE3C75 /* Afterlight.mp3 in Resources */,
				2595CFC8284C56E800E2C9AA /* The Return of the Native.pdf in Resources */,
				25E4C59A284A2E4500EE3C75 /* World On Fire.mp3 in Resources */,
				2595CFCA284C56E800E2C9AA /* The Black Eagle.pdf in Resources */,
				25E4C597284A2E4500EE3C75 /* Autoreverse.mp3 in Resources */,
				2507ABC62849359E009D8400 /* Assets.xcassets in Resources */,
				2507ABC12849359D009D8400 /* Main.storyboard in Resources */,
				25E4C5A4284A47E300EE3C75 /* His Fortunate Grace.pdf in Resources */,
				2595CFCC284C56E800E2C9AA /* The Incredible Invasion.pdf in Resources */,
				25E4C598284A2E4500EE3C75 /* Gravity.mp3 in Resources */,
				2595CFCD284C56E800E2C9AA /* The Lone Wolf.pdf in Resources */,
				25E4C599284A2E4500EE3C75 /* Wildblood.mp3 in Resources */,
			);
			runOnlyForDeploymentPostprocessing = 0;
		};
/* End PBXResourcesBuildPhase section */

/* Begin PBXSourcesBuildPhase section */
		2507ABB22849359D009D8400 /* Sources */ = {
			isa = PBXSourcesBuildPhase;
			buildActionMask = 2147483647;
			files = (
				25E4C5A0284A455900EE3C75 /* CollectionViewCellBooks.swift in Sources */,
				25E4C5822849EEB200EE3C75 /* ViewControllerMusicPlayback.swift in Sources */,
				25E4C59E284A444A00EE3C75 /* ViewControllerBooks.swift in Sources */,
				25E4C5782849CAA400EE3C75 /* ViewControllerNotesCompose.swift in Sources */,
				2507ABDD284983D8009D8400 /* ViewControllerSearch.swift in Sources */,
				2507ABC42849359D009D8400 /* FunZone.xcdatamodeld in Sources */,
				25E4C57E2849EE9000EE3C75 /* ViewControllerMusic.swift in Sources */,
				25E4C5802849EEA100EE3C75 /* TableViewCellMusic.swift in Sources */,
				25132A5B284E5D6500953DAB /* TableViewCellBooks.swift in Sources */,
				255885C1284C8B3700BA903F /* Note+CoreDataProperties.swift in Sources */,
				25E4C57A2849D6AD00EE3C75 /* ViewControllerNotes.swift in Sources */,
				2507ABE328498C89009D8400 /* DBHelperUser.swift in Sources */,
				2507ABE028498C57009D8400 /* User+CoreDataClass.swift in Sources */,
				2507ABE52849ABF2009D8400 /* ViewControllerSignIn.swift in Sources */,
				2507ABE128498C57009D8400 /* User+CoreDataProperties.swift in Sources */,
				2507ABBA2849359D009D8400 /* AppDelegate.swift in Sources */,
				25E4C5A2284A479E00EE3C75 /* ViewControllerBooksPreview.swift in Sources */,
				25E4C5762849C21E00EE3C75 /* DBHelperNotes.swift in Sources */,
				25E4C57C2849D73700EE3C75 /* TableViewCellNotes.swift in Sources */,
				255885C0284C8B3700BA903F /* Note+CoreDataClass.swift in Sources */,
				2507ABD128493B15009D8400 /* ViewControllerSignUp.swift in Sources */,
				2507ABBC2849359D009D8400 /* SceneDelegate.swift in Sources */,
			);
			runOnlyForDeploymentPostprocessing = 0;
		};
/* End PBXSourcesBuildPhase section */

/* Begin PBXVariantGroup section */
		2507ABBF2849359D009D8400 /* Main.storyboard */ = {
			isa = PBXVariantGroup;
			children = (
				2507ABC02849359D009D8400 /* Base */,
			);
			name = Main.storyboard;
			sourceTree = "<group>";
		};
		2507ABC72849359E009D8400 /* LaunchScreen.storyboard */ = {
			isa = PBXVariantGroup;
			children = (
				2507ABC82849359E009D8400 /* Base */,
			);
			name = LaunchScreen.storyboard;
			sourceTree = "<group>";
		};
/* End PBXVariantGroup section */

/* Begin XCBuildConfiguration section */
		2507ABCB2849359E009D8400 /* Debug */ = {
			isa = XCBuildConfiguration;
			buildSettings = {
				ALWAYS_SEARCH_USER_PATHS = NO;
				CLANG_ANALYZER_NONNULL = YES;
				CLANG_ANALYZER_NUMBER_OBJECT_CONVERSION = YES_AGGRESSIVE;
				CLANG_CXX_LANGUAGE_STANDARD = "gnu++17";
				CLANG_ENABLE_MODULES = YES;
				CLANG_ENABLE_OBJC_ARC = YES;
				CLANG_ENABLE_OBJC_WEAK = YES;
				CLANG_WARN_BLOCK_CAPTURE_AUTORELEASING = YES;
				CLANG_WARN_BOOL_CONVERSION = YES;
				CLANG_WARN_COMMA = YES;
				CLANG_WARN_CONSTANT_CONVERSION = YES;
				CLANG_WARN_DEPRECATED_OBJC_IMPLEMENTATIONS = YES;
				CLANG_WARN_DIRECT_OBJC_ISA_USAGE = YES_ERROR;
				CLANG_WARN_DOCUMENTATION_COMMENTS = YES;
				CLANG_WARN_EMPTY_BODY = YES;
				CLANG_WARN_ENUM_CONVERSION = YES;
				CLANG_WARN_INFINITE_RECURSION = YES;
				CLANG_WARN_INT_CONVERSION = YES;
				CLANG_WARN_NON_LITERAL_NULL_CONVERSION = YES;
				CLANG_WARN_OBJC_IMPLICIT_RETAIN_SELF = YES;
				CLANG_WARN_OBJC_LITERAL_CONVERSION = YES;
				CLANG_WARN_OBJC_ROOT_CLASS = YES_ERROR;
				CLANG_WARN_QUOTED_INCLUDE_IN_FRAMEWORK_HEADER = YES;
				CLANG_WARN_RANGE_LOOP_ANALYSIS = YES;
				CLANG_WARN_STRICT_PROTOTYPES = YES;
				CLANG_WARN_SUSPICIOUS_MOVE = YES;
				CLANG_WARN_UNGUARDED_AVAILABILITY = YES_AGGRESSIVE;
				CLANG_WARN_UNREACHABLE_CODE = YES;
				CLANG_WARN__DUPLICATE_METHOD_MATCH = YES;
				COPY_PHASE_STRIP = NO;
				DEBUG_INFORMATION_FORMAT = dwarf;
				ENABLE_STRICT_OBJC_MSGSEND = YES;
				ENABLE_TESTABILITY = YES;
				GCC_C_LANGUAGE_STANDARD = gnu11;
				GCC_DYNAMIC_NO_PIC = NO;
				GCC_NO_COMMON_BLOCKS = YES;
				GCC_OPTIMIZATION_LEVEL = 0;
				GCC_PREPROCESSOR_DEFINITIONS = (
					"DEBUG=1",
					"$(inherited)",
				);
				GCC_WARN_64_TO_32_BIT_CONVERSION = YES;
				GCC_WARN_ABOUT_RETURN_TYPE = YES_ERROR;
				GCC_WARN_UNDECLARED_SELECTOR = YES;
				GCC_WARN_UNINITIALIZED_AUTOS = YES_AGGRESSIVE;
				GCC_WARN_UNUSED_FUNCTION = YES;
				GCC_WARN_UNUSED_VARIABLE = YES;
				IPHONEOS_DEPLOYMENT_TARGET = 15.0;
				MTL_ENABLE_DEBUG_INFO = INCLUDE_SOURCE;
				MTL_FAST_MATH = YES;
				ONLY_ACTIVE_ARCH = YES;
				SDKROOT = iphoneos;
				SWIFT_ACTIVE_COMPILATION_CONDITIONS = DEBUG;
				SWIFT_OPTIMIZATION_LEVEL = "-Onone";
			};
			name = Debug;
		};
		2507ABCC2849359E009D8400 /* Release */ = {
			isa = XCBuildConfiguration;
			buildSettings = {
				ALWAYS_SEARCH_USER_PATHS = NO;
				CLANG_ANALYZER_NONNULL = YES;
				CLANG_ANALYZER_NUMBER_OBJECT_CONVERSION = YES_AGGRESSIVE;
				CLANG_CXX_LANGUAGE_STANDARD = "gnu++17";
				CLANG_ENABLE_MODULES = YES;
				CLANG_ENABLE_OBJC_ARC = YES;
				CLANG_ENABLE_OBJC_WEAK = YES;
				CLANG_WARN_BLOCK_CAPTURE_AUTORELEASING = YES;
				CLANG_WARN_BOOL_CONVERSION = YES;
				CLANG_WARN_COMMA = YES;
				CLANG_WARN_CONSTANT_CONVERSION = YES;
				CLANG_WARN_DEPRECATED_OBJC_IMPLEMENTATIONS = YES;
				CLANG_WARN_DIRECT_OBJC_ISA_USAGE = YES_ERROR;
				CLANG_WARN_DOCUMENTATION_COMMENTS = YES;
				CLANG_WARN_EMPTY_BODY = YES;
				CLANG_WARN_ENUM_CONVERSION = YES;
				CLANG_WARN_INFINITE_RECURSION = YES;
				CLANG_WARN_INT_CONVERSION = YES;
				CLANG_WARN_NON_LITERAL_NULL_CONVERSION = YES;
				CLANG_WARN_OBJC_IMPLICIT_RETAIN_SELF = YES;
				CLANG_WARN_OBJC_LITERAL_CONVERSION = YES;
				CLANG_WARN_OBJC_ROOT_CLASS = YES_ERROR;
				CLANG_WARN_QUOTED_INCLUDE_IN_FRAMEWORK_HEADER = YES;
				CLANG_WARN_RANGE_LOOP_ANALYSIS = YES;
				CLANG_WARN_STRICT_PROTOTYPES = YES;
				CLANG_WARN_SUSPICIOUS_MOVE = YES;
				CLANG_WARN_UNGUARDED_AVAILABILITY = YES_AGGRESSIVE;
				CLANG_WARN_UNREACHABLE_CODE = YES;
				CLANG_WARN__DUPLICATE_METHOD_MATCH = YES;
				COPY_PHASE_STRIP = NO;
				DEBUG_INFORMATION_FORMAT = "dwarf-with-dsym";
				ENABLE_NS_ASSERTIONS = NO;
				ENABLE_STRICT_OBJC_MSGSEND = YES;
				GCC_C_LANGUAGE_STANDARD = gnu11;
				GCC_NO_COMMON_BLOCKS = YES;
				GCC_WARN_64_TO_32_BIT_CONVERSION = YES;
				GCC_WARN_ABOUT_RETURN_TYPE = YES_ERROR;
				GCC_WARN_UNDECLARED_SELECTOR = YES;
				GCC_WARN_UNINITIALIZED_AUTOS = YES_AGGRESSIVE;
				GCC_WARN_UNUSED_FUNCTION = YES;
				GCC_WARN_UNUSED_VARIABLE = YES;
				IPHONEOS_DEPLOYMENT_TARGET = 15.0;
				MTL_ENABLE_DEBUG_INFO = NO;
				MTL_FAST_MATH = YES;
				SDKROOT = iphoneos;
				SWIFT_COMPILATION_MODE = wholemodule;
				SWIFT_OPTIMIZATION_LEVEL = "-O";
				VALIDATE_PRODUCT = YES;
			};
			name = Release;
		};
		2507ABCE2849359E009D8400 /* Debug */ = {
			isa = XCBuildConfiguration;
			buildSettings = {
				ASSETCATALOG_COMPILER_APPICON_NAME = AppIcon;
				ASSETCATALOG_COMPILER_GLOBAL_ACCENT_COLOR_NAME = AccentColor;
				CODE_SIGN_STYLE = Automatic;
				CURRENT_PROJECT_VERSION = 1;
				DEVELOPMENT_TEAM = R32QX33ST9;
				GENERATE_INFOPLIST_FILE = YES;
				INFOPLIST_FILE = FunZone/Info.plist;
				INFOPLIST_KEY_UIApplicationSupportsIndirectInputEvents = YES;
				INFOPLIST_KEY_UILaunchStoryboardName = LaunchScreen;
				INFOPLIST_KEY_UIMainStoryboardFile = Main;
				INFOPLIST_KEY_UISupportedInterfaceOrientations_iPad = "UIInterfaceOrientationPortrait UIInterfaceOrientationPortraitUpsideDown UIInterfaceOrientationLandscapeLeft UIInterfaceOrientationLandscapeRight";
				INFOPLIST_KEY_UISupportedInterfaceOrientations_iPhone = "UIInterfaceOrientationPortrait UIInterfaceOrientationLandscapeLeft UIInterfaceOrientationLandscapeRight";
				LD_RUNPATH_SEARCH_PATHS = (
					"$(inherited)",
					"@executable_path/Frameworks",
				);
				MARKETING_VERSION = 1.0;
				PRODUCT_BUNDLE_IDENTIFIER = Xavier.FunZone;
				PRODUCT_NAME = "$(TARGET_NAME)";
				SWIFT_EMIT_LOC_STRINGS = YES;
				SWIFT_VERSION = 5.0;
				TARGETED_DEVICE_FAMILY = "1,2";
			};
			name = Debug;
		};
		2507ABCF2849359E009D8400 /* Release */ = {
			isa = XCBuildConfiguration;
			buildSettings = {
				ASSETCATALOG_COMPILER_APPICON_NAME = AppIcon;
				ASSETCATALOG_COMPILER_GLOBAL_ACCENT_COLOR_NAME = AccentColor;
				CODE_SIGN_STYLE = Automatic;
				CURRENT_PROJECT_VERSION = 1;
				DEVELOPMENT_TEAM = R32QX33ST9;
				GENERATE_INFOPLIST_FILE = YES;
				INFOPLIST_FILE = FunZone/Info.plist;
				INFOPLIST_KEY_UIApplicationSupportsIndirectInputEvents = YES;
				INFOPLIST_KEY_UILaunchStoryboardName = LaunchScreen;
				INFOPLIST_KEY_UIMainStoryboardFile = Main;
				INFOPLIST_KEY_UISupportedInterfaceOrientations_iPad = "UIInterfaceOrientationPortrait UIInterfaceOrientationPortraitUpsideDown UIInterfaceOrientationLandscapeLeft UIInterfaceOrientationLandscapeRight";
				INFOPLIST_KEY_UISupportedInterfaceOrientations_iPhone = "UIInterfaceOrientationPortrait UIInterfaceOrientationLandscapeLeft UIInterfaceOrientationLandscapeRight";
				LD_RUNPATH_SEARCH_PATHS = (
					"$(inherited)",
					"@executable_path/Frameworks",
				);
				MARKETING_VERSION = 1.0;
				PRODUCT_BUNDLE_IDENTIFIER = Xavier.FunZone;
				PRODUCT_NAME = "$(TARGET_NAME)";
				SWIFT_EMIT_LOC_STRINGS = YES;
				SWIFT_VERSION = 5.0;
				TARGETED_DEVICE_FAMILY = "1,2";
			};
			name = Release;
		};
/* End XCBuildConfiguration section */

/* Begin XCConfigurationList section */
		2507ABB12849359D009D8400 /* Build configuration list for PBXProject "FunZone" */ = {
			isa = XCConfigurationList;
			buildConfigurations = (
				2507ABCB2849359E009D8400 /* Debug */,
				2507ABCC2849359E009D8400 /* Release */,
			);
			defaultConfigurationIsVisible = 0;
			defaultConfigurationName = Release;
		};
		2507ABCD2849359E009D8400 /* Build configuration list for PBXNativeTarget "FunZone" */ = {
			isa = XCConfigurationList;
			buildConfigurations = (
				2507ABCE2849359E009D8400 /* Debug */,
				2507ABCF2849359E009D8400 /* Release */,
			);
			defaultConfigurationIsVisible = 0;
			defaultConfigurationName = Release;
		};
/* End XCConfigurationList section */

/* Begin XCVersionGroup section */
		2507ABC22849359D009D8400 /* FunZone.xcdatamodeld */ = {
			isa = XCVersionGroup;
			children = (
				2507ABC32849359D009D8400 /* FunZone.xcdatamodel */,
			);
			currentVersion = 2507ABC32849359D009D8400 /* FunZone.xcdatamodel */;
			path = FunZone.xcdatamodeld;
			sourceTree = "<group>";
			versionGroupType = wrapper.xcdatamodel;
		};
/* End XCVersionGroup section */
	};
	rootObject = 2507ABAE2849359D009D8400 /* Project object */;
}
